
Microsoft Visual Studio Solution File, Format Version 12.00
# Visual Studio Version 17
VisualStudioVersion = 17.6.33829.357
MinimumVisualStudioVersion = 10.0.40219.1
Project("{FAE04EC0-301F-11D3-BF4B-00C04F79EFBC}") = "TradeStationWebApiDemo", "TradeStationWebApiDemo.csproj", "{2C41D0EE-2D79-4000-9FE7-F0CB503A7CB3}"
EndProject
Global
	GlobalSection(SolutionConfigurationPlatforms) = preSolution
		Debug|Any CPU = Debug|Any CPU
		Release|Any CPU = Release|Any CPU
	EndGlobalSection
	GlobalSection(ProjectConfigurationPlatforms) = postSolution
		{2C41D0EE-2D79-4000-9FE7-F0CB503A7CB3}.Debug|Any CPU.ActiveCfg = Debug|Any CPU
		{2C41D0EE-2D79-4000-9FE7-F0CB503A7CB3}.Debug|Any CPU.Build.0 = Debug|Any CPU
		{2C41D0EE-2D79-4000-9FE7-F0CB503A7CB3}.Release|Any CPU.ActiveCfg = Release|Any CPU
		{2C41D0EE-2D79-4000-9FE7-F0CB503A7CB3}.Release|Any CPU.Build.0 = Release|Any CPU
	EndGlobalSection
	GlobalSection(SolutionProperties) = preSolution
		HideSolutionNode = FALSE
	EndGlobalSection
	GlobalSection(ExtensibilityGlobals) = postSolution
		SolutionGuid = {43D1C60C-9CF5-4EC7-B579-69EA208C1DFD}
	EndGlobalSection
EndGlobal
